# @generated by Move, please check-in and do not edit manually.

[move]
version = 0

dependencies = [
  { name = "LiquidityLayer" },
  { name = "NftProtocol" },
  { name = "Sui" },
]

[[move.package]]
name = "Allowlist"
source = { git = "https://github.com/Origin-Byte/nft-protocol.git", rev = "b3c85b7", subdir = "contracts/allowlist" }

dependencies = [
  { name = "Permissions" },
  { name = "Sui" },
]

[[move.package]]
name = "Authlist"
source = { git = "https://github.com/Origin-Byte/nft-protocol.git", rev = "b3c85b7", subdir = "contracts/authlist" }

dependencies = [
  { name = "Permissions" },
  { name = "Sui" },
]

[[move.package]]
name = "Kiosk"
source = { git = "https://github.com/Origin-Byte/nft-protocol.git", rev = "b3c85b7", subdir = "contracts/kiosk" }

dependencies = [
  { name = "Permissions" },
  { name = "Request" },
  { name = "Sui" },
]

[[move.package]]
name = "LiquidityLayer"
source = { git = "https://github.com/Origin-Byte/nft-protocol.git", rev = "b3c85b7", subdir = "contracts/liquidity_layer" }

dependencies = [
  { name = "Allowlist" },
  { name = "Authlist" },
  { name = "Kiosk" },
  { name = "Permissions" },
  { name = "Request" },
  { name = "Sui" },
  { name = "Utils" },
]

[[move.package]]
name = "MoveStdlib"
source = { git = "https://github.com/MystenLabs/sui.git", rev = "38c31cdd0f2ae3963d1e06f00c766cd7f90a7be6", subdir = "crates/sui-framework/packages/move-stdlib" }

[[move.package]]
name = "NftProtocol"
source = { git = "https://github.com/Origin-Byte/nft-protocol.git", rev = "b3c85b7", subdir = "contracts/nft_protocol" }

dependencies = [
  { name = "Allowlist" },
  { name = "Authlist" },
  { name = "Kiosk" },
  { name = "LiquidityLayer" },
  { name = "Originmate" },
  { name = "Permissions" },
  { name = "Pseudorandom" },
  { name = "Request" },
  { name = "Sui" },
  { name = "Utils" },
]

[[move.package]]
name = "Originmate"
source = { git = "https://github.com/Origin-Byte/originmate.git", rev = "41d552066f55fb22609af24674ee06db842b8c52", subdir = "" }

dependencies = [
  { name = "Sui" },
]

[[move.package]]
name = "Permissions"
source = { git = "https://github.com/Origin-Byte/nft-protocol.git", rev = "b3c85b7", subdir = "contracts/permissions" }

dependencies = [
  { name = "Sui" },
  { name = "Utils" },
]

[[move.package]]
name = "Pseudorandom"
source = { git = "https://github.com/Origin-Byte/nft-protocol.git", rev = "b3c85b7", subdir = "contracts/pseudorandom" }

dependencies = [
  { name = "Sui" },
]

[[move.package]]
name = "Request"
source = { git = "https://github.com/Origin-Byte/nft-protocol.git", rev = "b3c85b7", subdir = "contracts/request" }

dependencies = [
  { name = "Permissions" },
  { name = "Sui" },
]

[[move.package]]
name = "Sui"
source = { git = "https://github.com/MystenLabs/sui.git", rev = "38c31cdd0f2ae3963d1e06f00c766cd7f90a7be6", subdir = "crates/sui-framework/packages/sui-framework" }

dependencies = [
  { name = "MoveStdlib" },
]

[[move.package]]
name = "Utils"
source = { git = "https://github.com/Origin-Byte/nft-protocol.git", rev = "b3c85b7", subdir = "contracts/utils" }

dependencies = [
  { name = "Pseudorandom" },
  { name = "Sui" },
]
